
Microsoft Visual Studio Solution File, Format Version 12.00
# Visual Studio 2013
VisualStudioVersion = 12.0.21005.1
MinimumVisualStudioVersion = 10.0.40219.1
Project("{8BC9CEB8-8B4A-11D0-8D11-00A0C91BC942}") = "Client", "Client\Client.vcxproj", "{96AAE7A4-C9CA-42A0-98AF-7CA7BE4EDEA4}"
EndProject
Project("{8BC9CEB8-8B4A-11D0-8D11-00A0C91BC942}") = "Server", "Server\Server.vcxproj", "{1D367E57-FFD2-4F0C-BC83-BAEC7A31E4F6}"
EndProject
Global
	GlobalSection(SolutionConfigurationPlatforms) = preSolution
		Debug|Win32 = Debug|Win32
		Release|Win32 = Release|Win32
	EndGlobalSection
	GlobalSection(ProjectConfigurationPlatforms) = postSolution
		{96AAE7A4-C9CA-42A0-98AF-7CA7BE4EDEA4}.Debug|Win32.ActiveCfg = Debug|Win32
		{96AAE7A4-C9CA-42A0-98AF-7CA7BE4EDEA4}.Debug|Win32.Build.0 = Debug|Win32
		{96AAE7A4-C9CA-42A0-98AF-7CA7BE4EDEA4}.Release|Win32.ActiveCfg = Release|Win32
		{96AAE7A4-C9CA-42A0-98AF-7CA7BE4EDEA4}.Release|Win32.Build.0 = Release|Win32
		{1D367E57-FFD2-4F0C-BC83-BAEC7A31E4F6}.Debug|Win32.ActiveCfg = Debug|Win32
		{1D367E57-FFD2-4F0C-BC83-BAEC7A31E4F6}.Debug|Win32.Build.0 = Debug|Win32
		{1D367E57-FFD2-4F0C-BC83-BAEC7A31E4F6}.Release|Win32.ActiveCfg = Release|Win32
		{1D367E57-FFD2-4F0C-BC83-BAEC7A31E4F6}.Release|Win32.Build.0 = Release|Win32
	EndGlobalSection
	GlobalSection(SolutionProperties) = preSolution
		HideSolutionNode = FALSE
	EndGlobalSection
EndGlobal
